// !$*UTF8*$!
{
	archiveVersion = 1;
	classes = {
	};
	objectVersion = 46;
	objects = {

/* Begin PBXBuildFile section */
		16888AAADE4CA7FBCB5D907C /* Pods_FoldView.framework in Frameworks */ = {isa = PBXBuildFile; fileRef = 4D70794567E7CF62E5227930 /* Pods_FoldView.framework */; };
		55B53F6A1D5C4F7500B6A0C8 /* AppDelegate.swift in Sources */ = {isa = PBXBuildFile; fileRef = 55B53F691D5C4F7500B6A0C8 /* AppDelegate.swift */; };
		55B53F6F1D5C4F7500B6A0C8 /* Main.storyboard in Resources */ = {isa = PBXBuildFile; fileRef = 55B53F6D1D5C4F7500B6A0C8 /* Main.storyboard */; };
		55B53F711D5C4F7500B6A0C8 /* Assets.xcassets in Resources */ = {isa = PBXBuildFile; fileRef = 55B53F701D5C4F7500B6A0C8 /* Assets.xcassets */; };
		55B53F741D5C4F7500B6A0C8 /* LaunchScreen.storyboard in Resources */ = {isa = PBXBuildFile; fileRef = 55B53F721D5C4F7500B6A0C8 /* LaunchScreen.storyboard */; };
		55B53F7C1D5C597700B6A0C8 /* FoldViewTableViewController.swift in Sources */ = {isa = PBXBuildFile; fileRef = 55B53F7B1D5C597700B6A0C8 /* FoldViewTableViewController.swift */; };
		55B53F7E1D5C59A200B6A0C8 /* FoldViewTableViewCell.swift in Sources */ = {isa = PBXBuildFile; fileRef = 55B53F7D1D5C59A200B6A0C8 /* FoldViewTableViewCell.swift */; };
		55B53FA21D5C87BA00B6A0C8 /* FoldCellViewController.swift in Sources */ = {isa = PBXBuildFile; fileRef = 55B53FA11D5C87BA00B6A0C8 /* FoldCellViewController.swift */; };
/* End PBXBuildFile section */

/* Begin PBXFileReference section */
		4D70794567E7CF62E5227930 /* Pods_FoldView.framework */ = {isa = PBXFileReference; explicitFileType = wrapper.framework; includeInIndex = 0; path = Pods_FoldView.framework; sourceTree = BUILT_PRODUCTS_DIR; };
		55B53F661D5C4F7400B6A0C8 /* FoldView.app */ = {isa = PBXFileReference; explicitFileType = wrapper.application; includeInIndex = 0; path = FoldView.app; sourceTree = BUILT_PRODUCTS_DIR; };
		55B53F691D5C4F7500B6A0C8 /* AppDelegate.swift */ = {isa = PBXFileReference; lastKnownFileType = sourcecode.swift; path = AppDelegate.swift; sourceTree = "<group>"; };
		55B53F6E1D5C4F7500B6A0C8 /* Base */ = {isa = PBXFileReference; lastKnownFileType = file.storyboard; name = Base; path = Base.lproj/Main.storyboard; sourceTree = "<group>"; };
		55B53F701D5C4F7500B6A0C8 /* Assets.xcassets */ = {isa = PBXFileReference; lastKnownFileType = folder.assetcatalog; path = Assets.xcassets; sourceTree = "<group>"; };
		55B53F731D5C4F7500B6A0C8 /* Base */ = {isa = PBXFileReference; lastKnownFileType = file.storyboard; name = Base; path = Base.lproj/LaunchScreen.storyboard; sourceTree = "<group>"; };
		55B53F751D5C4F7500B6A0C8 /* Info.plist */ = {isa = PBXFileReference; lastKnownFileType = text.plist.xml; path = Info.plist; sourceTree = "<group>"; };
		55B53F7B1D5C597700B6A0C8 /* FoldViewTableViewController.swift */ = {isa = PBXFileReference; fileEncoding = 4; lastKnownFileType = sourcecode.swift; path = FoldViewTableViewController.swift; sourceTree = "<group>"; };
		55B53F7D1D5C59A200B6A0C8 /* FoldViewTableViewCell.swift */ = {isa = PBXFileReference; fileEncoding = 4; lastKnownFileType = sourcecode.swift; path = FoldViewTableViewCell.swift; sourceTree = "<group>"; };
		55B53FA11D5C87BA00B6A0C8 /* FoldCellViewController.swift */ = {isa = PBXFileReference; fileEncoding = 4; lastKnownFileType = sourcecode.swift; path = FoldCellViewController.swift; sourceTree = "<group>"; };
		5619FE880A00459128DF0D2C /* Pods-FoldView.debug.xcconfig */ = {isa = PBXFileReference; includeInIndex = 1; lastKnownFileType = text.xcconfig; name = "Pods-FoldView.debug.xcconfig"; path = "Pods/Target Support Files/Pods-FoldView/Pods-FoldView.debug.xcconfig"; sourceTree = "<group>"; };
		7BE6CDAF7746468C357F0261 /* Pods-FoldView.release.xcconfig */ = {isa = PBXFileReference; includeInIndex = 1; lastKnownFileType = text.xcconfig; name = "Pods-FoldView.release.xcconfig"; path = "Pods/Target Support Files/Pods-FoldView/Pods-FoldView.release.xcconfig"; sourceTree = "<group>"; };
/* End PBXFileReference section */

/* Begin PBXFrameworksBuildPhase section */
		55B53F631D5C4F7400B6A0C8 /* Frameworks */ = {
			isa = PBXFrameworksBuildPhase;
			buildActionMask = 2147483647;
			files = (
				16888AAADE4CA7FBCB5D907C /* Pods_FoldView.framework in Frameworks */,
			);
			runOnlyForDeploymentPostprocessing = 0;
		};
/* End PBXFrameworksBuildPhase section */

/* Begin PBXGroup section */
		055707D1F8C40AACF34905FF /* Pods */ = {
			isa = PBXGroup;
			children = (
				5619FE880A00459128DF0D2C /* Pods-FoldView.debug.xcconfig */,
				7BE6CDAF7746468C357F0261 /* Pods-FoldView.release.xcconfig */,
			);
			name = Pods;
			sourceTree = "<group>";
		};
		283F80D79EA1C49BEA85D97B /* Frameworks */ = {
			isa = PBXGroup;
			children = (
				4D70794567E7CF62E5227930 /* Pods_FoldView.framework */,
			);
			name = Frameworks;
			sourceTree = "<group>";
		};
		55B53F5D1D5C4F7400B6A0C8 = {
			isa = PBXGroup;
			children = (
				55B53F681D5C4F7500B6A0C8 /* FoldView */,
				55B53F671D5C4F7400B6A0C8 /* Products */,
				055707D1F8C40AACF34905FF /* Pods */,
				283F80D79EA1C49BEA85D97B /* Frameworks */,
			);
			sourceTree = "<group>";
		};
		55B53F671D5C4F7400B6A0C8 /* Products */ = {
			isa = PBXGroup;
			children = (
				55B53F661D5C4F7400B6A0C8 /* FoldView.app */,
			);
			name = Products;
			sourceTree = "<group>";
		};
		55B53F681D5C4F7500B6A0C8 /* FoldView */ = {
			isa = PBXGroup;
			children = (
				55B53F691D5C4F7500B6A0C8 /* AppDelegate.swift */,
				55B53F6D1D5C4F7500B6A0C8 /* Main.storyboard */,
				55B53F701D5C4F7500B6A0C8 /* Assets.xcassets */,
				55B53F721D5C4F7500B6A0C8 /* LaunchScreen.storyboard */,
				55B53F751D5C4F7500B6A0C8 /* Info.plist */,
				55B53F7B1D5C597700B6A0C8 /* FoldViewTableViewController.swift */,
				55B53F7D1D5C59A200B6A0C8 /* FoldViewTableViewCell.swift */,
				55B53FA11D5C87BA00B6A0C8 /* FoldCellViewController.swift */,
			);
			path = FoldView;
			sourceTree = "<group>";
		};
/* End PBXGroup section */

/* Begin PBXNativeTarget section */
		55B53F651D5C4F7400B6A0C8 /* FoldView */ = {
			isa = PBXNativeTarget;
			buildConfigurationList = 55B53F781D5C4F7500B6A0C8 /* Build configuration list for PBXNativeTarget "FoldView" */;
			buildPhases = (
				10D00748AD4FDB3AE8BF0E5B /* [CP] Check Pods Manifest.lock */,
				55B53F621D5C4F7400B6A0C8 /* Sources */,
				55B53F631D5C4F7400B6A0C8 /* Frameworks */,
				55B53F641D5C4F7400B6A0C8 /* Resources */,
				2FC7E916A78C1683A7D86EE6 /* [CP] Embed Pods Frameworks */,
				AA5C51E14BCECF7ACF969692 /* [CP] Copy Pods Resources */,
			);
			buildRules = (
			);
			dependencies = (
			);
			name = FoldView;
			productName = FoldView;
			productReference = 55B53F661D5C4F7400B6A0C8 /* FoldView.app */;
			productType = "com.apple.product-type.application";
		};
/* End PBXNativeTarget section */

/* Begin PBXProject section */
		55B53F5E1D5C4F7400B6A0C8 /* Project object */ = {
			isa = PBXProject;
			attributes = {
				LastSwiftUpdateCheck = 0730;
				LastUpgradeCheck = 0730;
				ORGANIZATIONNAME = "Kenil Jain";
				TargetAttributes = {
					55B53F651D5C4F7400B6A0C8 = {
						CreatedOnToolsVersion = 7.3.1;
					};
				};
			};
			buildConfigurationList = 55B53F611D5C4F7400B6A0C8 /* Build configuration list for PBXProject "FoldView" */;
			compatibilityVersion = "Xcode 3.2";
			developmentRegion = English;
			hasScannedForEncodings = 0;
			knownRegions = (
				en,
				Base,
			);
			mainGroup = 55B53F5D1D5C4F7400B6A0C8;
			productRefGroup = 55B53F671D5C4F7400B6A0C8 /* Products */;
			projectDirPath = "";
			projectRoot = "";
			targets = (
				55B53F651D5C4F7400B6A0C8 /* FoldView */,
			);
		};
/* End PBXProject section */

/* Begin PBXResourcesBuildPhase section */
		55B53F641D5C4F7400B6A0C8 /* Resources */ = {
			isa = PBXResourcesBuildPhase;
			buildActionMask = 2147483647;
			files = (
				55B53F741D5C4F7500B6A0C8 /* LaunchScreen.storyboard in Resources */,
				55B53F711D5C4F7500B6A0C8 /* Assets.xcassets in Resources */,
				55B53F6F1D5C4F7500B6A0C8 /* Main.storyboard in Resources */,
			);
			runOnlyForDeploymentPostprocessing = 0;
		};
/* End PBXResourcesBuildPhase section */

/* Begin PBXShellScriptBuildPhase section */
		10D00748AD4FDB3AE8BF0E5B /* [CP] Check Pods Manifest.lock */ = {
			isa = PBXShellScriptBuildPhase;
			buildActionMask = 2147483647;
			files = (
			);
			inputPaths = (
			);
			name = "[CP] Check Pods Manifest.lock";
			outputPaths = (
			);
			runOnlyForDeploymentPostprocessing = 0;
			shellPath = /bin/sh;
			shellScript = "diff \"${PODS_ROOT}/../Podfile.lock\" \"${PODS_ROOT}/Manifest.lock\" > /dev/null\nif [[ $? != 0 ]] ; then\n    cat << EOM\nerror: The sandbox is not in sync with the Podfile.lock. Run 'pod install' or update your CocoaPods installation.\nEOM\n    exit 1\nfi\n";
			showEnvVarsInLog = 0;
		};
		2FC7E916A78C1683A7D86EE6 /* [CP] Embed Pods Frameworks */ = {
			isa = PBXShellScriptBuildPhase;
			buildActionMask = 2147483647;
			files = (
			);
			inputPaths = (
			);
			name = "[CP] Embed Pods Frameworks";
			outputPaths = (
			);
			runOnlyForDeploymentPostprocessing = 0;
			shellPath = /bin/sh;
			shellScript = "\"${SRCROOT}/Pods/Target Support Files/Pods-FoldView/Pods-FoldView-frameworks.sh\"\n";
			showEnvVarsInLog = 0;
		};
		AA5C51E14BCECF7ACF969692 /* [CP] Copy Pods Resources */ = {
			isa = PBXShellScriptBuildPhase;
			buildActionMask = 2147483647;
			files = (
			);
			inputPaths = (
			);
			name = "[CP] Copy Pods Resources";
			outputPaths = (
			);
			runOnlyForDeploymentPostprocessing = 0;
			shellPath = /bin/sh;
			shellScript = "\"${SRCROOT}/Pods/Target Support Files/Pods-FoldView/Pods-FoldView-resources.sh\"\n";
			showEnvVarsInLog = 0;
		};
/* End PBXShellScriptBuildPhase section */

/* Begin PBXSourcesBuildPhase section */
		55B53F621D5C4F7400B6A0C8 /* Sources */ = {
			isa = PBXSourcesBuildPhase;
			buildActionMask = 2147483647;
			files = (
				55B53F7C1D5C597700B6A0C8 /* FoldViewTableViewController.swift in Sources */,
				55B53F7E1D5C59A200B6A0C8 /* FoldViewTableViewCell.swift in Sources */,
				55B53F6A1D5C4F7500B6A0C8 /* AppDelegate.swift in Sources */,
				55B53FA21D5C87BA00B6A0C8 /* FoldCellViewController.swift in Sources */,
			);
			runOnlyForDeploymentPostprocessing = 0;
		};
/* End PBXSourcesBuildPhase section */

/* Begin PBXVariantGroup section */
		55B53F6D1D5C4F7500B6A0C8 /* Main.storyboard */ = {
			isa = PBXVariantGroup;
			children = (
				55B53F6E1D5C4F7500B6A0C8 /* Base */,
			);
			name = Main.storyboard;
			sourceTree = "<group>";
		};
		55B53F721D5C4F7500B6A0C8 /* LaunchScreen.storyboard */ = {
			isa = PBXVariantGroup;
			children = (
				55B53F731D5C4F7500B6A0C8 /* Base */,
			);
			name = LaunchScreen.storyboard;
			sourceTree = "<group>";
		};
/* End PBXVariantGroup section */

/* Begin XCBuildConfiguration section */
		55B53F761D5C4F7500B6A0C8 /* Debug */ = {
			isa = XCBuildConfiguration;
			buildSettings = {
				ALWAYS_SEARCH_USER_PATHS = NO;
				CLANG_ANALYZER_NONNULL = YES;
				CLANG_CXX_LANGUAGE_STANDARD = "gnu++0x";
				CLANG_CXX_LIBRARY = "libc++";
				CLANG_ENABLE_MODULES = YES;
				CLANG_ENABLE_OBJC_ARC = YES;
				CLANG_WARN_BOOL_CONVERSION = YES;
				CLANG_WARN_CONSTANT_CONVERSION = YES;
				CLANG_WARN_DIRECT_OBJC_ISA_USAGE = YES_ERROR;
				CLANG_WARN_EMPTY_BODY = YES;
				CLANG_WARN_ENUM_CONVERSION = YES;
				CLANG_WARN_INT_CONVERSION = YES;
				CLANG_WARN_OBJC_ROOT_CLASS = YES_ERROR;
				CLANG_WARN_UNREACHABLE_CODE = YES;
				CLANG_WARN__DUPLICATE_METHOD_MATCH = YES;
				"CODE_SIGN_IDENTITY[sdk=iphoneos*]" = "iPhone Developer";
				COPY_PHASE_STRIP = NO;
				DEBUG_INFORMATION_FORMAT = dwarf;
				ENABLE_STRICT_OBJC_MSGSEND = YES;
				ENABLE_TESTABILITY = YES;
				GCC_C_LANGUAGE_STANDARD = gnu99;
				GCC_DYNAMIC_NO_PIC = NO;
				GCC_NO_COMMON_BLOCKS = YES;
				GCC_OPTIMIZATION_LEVEL = 0;
				GCC_PREPROCESSOR_DEFINITIONS = (
					"DEBUG=1",
					"$(inherited)",
				);
				GCC_WARN_64_TO_32_BIT_CONVERSION = YES;
				GCC_WARN_ABOUT_RETURN_TYPE = YES_ERROR;
				GCC_WARN_UNDECLARED_SELECTOR = YES;
				GCC_WARN_UNINITIALIZED_AUTOS = YES_AGGRESSIVE;
				GCC_WARN_UNUSED_FUNCTION = YES;
				GCC_WARN_UNUSED_VARIABLE = YES;
				IPHONEOS_DEPLOYMENT_TARGET = 9.3;
				MTL_ENABLE_DEBUG_INFO = YES;
				ONLY_ACTIVE_ARCH = YES;
				SDKROOT = iphoneos;
				SWIFT_OPTIMIZATION_LEVEL = "-Onone";
			};
			name = Debug;
		};
		55B53F771D5C4F7500B6A0C8 /* Release */ = {
			isa = XCBuildConfiguration;
			buildSettings = {
				ALWAYS_SEARCH_USER_PATHS = NO;
				CLANG_ANALYZER_NONNULL = YES;
				CLANG_CXX_LANGUAGE_STANDARD = "gnu++0x";
				CLANG_CXX_LIBRARY = "libc++";
				CLANG_ENABLE_MODULES = YES;
				CLANG_ENABLE_OBJC_ARC = YES;
				CLANG_WARN_BOOL_CONVERSION = YES;
				CLANG_WARN_CONSTANT_CONVERSION = YES;
				CLANG_WARN_DIRECT_OBJC_ISA_USAGE = YES_ERROR;
				CLANG_WARN_EMPTY_BODY = YES;
				CLANG_WARN_ENUM_CONVERSION = YES;
				CLANG_WARN_INT_CONVERSION = YES;
				CLANG_WARN_OBJC_ROOT_CLASS = YES_ERROR;
				CLANG_WARN_UNREACHABLE_CODE = YES;
				CLANG_WARN__DUPLICATE_METHOD_MATCH = YES;
				"CODE_SIGN_IDENTITY[sdk=iphoneos*]" = "iPhone Developer";
				COPY_PHASE_STRIP = NO;
				DEBUG_INFORMATION_FORMAT = "dwarf-with-dsym";
				ENABLE_NS_ASSERTIONS = NO;
				ENABLE_STRICT_OBJC_MSGSEND = YES;
				GCC_C_LANGUAGE_STANDARD = gnu99;
				GCC_NO_COMMON_BLOCKS = YES;
				GCC_WARN_64_TO_32_BIT_CONVERSION = YES;
				GCC_WARN_ABOUT_RETURN_TYPE = YES_ERROR;
				GCC_WARN_UNDECLARED_SELECTOR = YES;
				GCC_WARN_UNINITIALIZED_AUTOS = YES_AGGRESSIVE;
				GCC_WARN_UNUSED_FUNCTION = YES;
				GCC_WARN_UNUSED_VARIABLE = YES;
				IPHONEOS_DEPLOYMENT_TARGET = 9.3;
				MTL_ENABLE_DEBUG_INFO = NO;
				SDKROOT = iphoneos;
				VALIDATE_PRODUCT = YES;
			};
			name = Release;
		};
		55B53F791D5C4F7500B6A0C8 /* Debug */ = {
			isa = XCBuildConfiguration;
			baseConfigurationReference = 5619FE880A00459128DF0D2C /* Pods-FoldView.debug.xcconfig */;
			buildSettings = {
				ASSETCATALOG_COMPILER_APPICON_NAME = AppIcon;
				INFOPLIST_FILE = FoldView/Info.plist;
				LD_RUNPATH_SEARCH_PATHS = "$(inherited) @executable_path/Frameworks";
				PRODUCT_BUNDLE_IDENTIFIER = com.demoapp.FoldView;
				PRODUCT_NAME = "$(TARGET_NAME)";
			};
			name = Debug;
		};
		55B53F7A1D5C4F7500B6A0C8 /* Release */ = {
			isa = XCBuildConfiguration;
			baseConfigurationReference = 7BE6CDAF7746468C357F0261 /* Pods-FoldView.release.xcconfig */;
			buildSettings = {
				ASSETCATALOG_COMPILER_APPICON_NAME = AppIcon;
				INFOPLIST_FILE = FoldView/Info.plist;
				LD_RUNPATH_SEARCH_PATHS = "$(inherited) @executable_path/Frameworks";
				PRODUCT_BUNDLE_IDENTIFIER = com.demoapp.FoldView;
				PRODUCT_NAME = "$(TARGET_NAME)";
			};
			name = Release;
		};
/* End XCBuildConfiguration section */

/* Begin XCConfigurationList section */
		55B53F611D5C4F7400B6A0C8 /* Build configuration list for PBXProject "FoldView" */ = {
			isa = XCConfigurationList;
			buildConfigurations = (
				55B53F761D5C4F7500B6A0C8 /* Debug */,
				55B53F771D5C4F7500B6A0C8 /* Release */,
			);
			defaultConfigurationIsVisible = 0;
			defaultConfigurationName = Release;
		};
		55B53F781D5C4F7500B6A0C8 /* Build configuration list for PBXNativeTarget "FoldView" */ = {
			isa = XCConfigurationList;
			buildConfigurations = (
				55B53F791D5C4F7500B6A0C8 /* Debug */,
				55B53F7A1D5C4F7500B6A0C8 /* Release */,
			);
			defaultConfigurationIsVisible = 0;
			defaultConfigurationName = Release;
		};
/* End XCConfigurationList section */
	};
	rootObject = 55B53F5E1D5C4F7400B6A0C8 /* Project object */;
}
